
Microsoft Visual Studio Solution File, Format Version 12.00
# Visual Studio Version 16
VisualStudioVersion = 16.0.31515.178
MinimumVisualStudioVersion = 10.0.40219.1
Project("{FAE04EC0-301F-11D3-BF4B-00C04F79EFBC}") = "WhyMad", "WhyMad\WhyMad.csproj", "{AE4B3220-EAAC-46B4-84EA-974D21F986A8}"
EndProject
Global
	GlobalSection(SolutionConfigurationPlatforms) = preSolution
		Debug|Any CPU = Debug|Any CPU
		Release|Any CPU = Release|Any CPU
	EndGlobalSection
	GlobalSection(ProjectConfigurationPlatforms) = postSolution
		{AE4B3220-EAAC-46B4-84EA-974D21F986A8}.Debug|Any CPU.ActiveCfg = Debug|Any CPU
		{AE4B3220-EAAC-46B4-84EA-974D21F986A8}.Debug|Any CPU.Build.0 = Debug|Any CPU
		{AE4B3220-EAAC-46B4-84EA-974D21F986A8}.Release|Any CPU.ActiveCfg = Release|Any CPU
		{AE4B3220-EAAC-46B4-84EA-974D21F986A8}.Release|Any CPU.Build.0 = Release|Any CPU
	EndGlobalSection
	GlobalSection(SolutionProperties) = preSolution
		HideSolutionNode = FALSE
	EndGlobalSection
	GlobalSection(ExtensibilityGlobals) = postSolution
		SolutionGuid = {2311C5F7-45D3-4F59-B8C8-15C4528F6EEF}
	EndGlobalSection
EndGlobal
